
Microsoft Visual Studio Solution File, Format Version 12.00
# Visual Studio 15
VisualStudioVersion = 15.0.28010.2016
MinimumVisualStudioVersion = 10.0.40219.1
Project("{FAE04EC0-301F-11D3-BF4B-00C04F79EFBC}") = "RiverShrimpFarm", "RiverShrimpFarm\RiverShrimpFarm.csproj", "{5D10AEBA-176B-47C8-9331-57EA9748279E}"
EndProject
Project("{2150E333-8FDC-42A3-9474-1A3956D46DE8}") = "APP_LOCAL", "APP_LOCAL", "{08A50ED3-756E-4D9F-8A0C-63036E9A2E12}"
EndProject
Project("{2150E333-8FDC-42A3-9474-1A3956D46DE8}") = "SERVICE_LOCAL", "SERVICE_LOCAL", "{8B4DFD85-52D7-4767-99F0-A59D6392BC53}"
EndProject
Project("{FAE04EC0-301F-11D3-BF4B-00C04F79EFBC}") = "Data_Layer", "Data_Layer\Data_Layer.csproj", "{A6895508-C4A5-4F98-97EA-7B017E9318CF}"
EndProject
Project("{FAE04EC0-301F-11D3-BF4B-00C04F79EFBC}") = "Service_App", "Service_App\Service_App.csproj", "{6FDD511A-1207-4C5A-9562-858E0B9B8E77}"
EndProject
Project("{2150E333-8FDC-42A3-9474-1A3956D46DE8}") = "DATA", "DATA", "{19F7C9AF-E880-42EF-9353-98BF3A945D2F}"
EndProject
Project("{FAE04EC0-301F-11D3-BF4B-00C04F79EFBC}") = "Server_Service", "Server_Service\Server_Service.csproj", "{75560639-9A40-4BCA-923B-6D63BAB6CA8E}"
EndProject
Global
	GlobalSection(SolutionConfigurationPlatforms) = preSolution
		Debug|Any CPU = Debug|Any CPU
		Release|Any CPU = Release|Any CPU
	EndGlobalSection
	GlobalSection(ProjectConfigurationPlatforms) = postSolution
		{5D10AEBA-176B-47C8-9331-57EA9748279E}.Debug|Any CPU.ActiveCfg = Debug|Any CPU
		{5D10AEBA-176B-47C8-9331-57EA9748279E}.Debug|Any CPU.Build.0 = Debug|Any CPU
		{5D10AEBA-176B-47C8-9331-57EA9748279E}.Release|Any CPU.ActiveCfg = Release|Any CPU
		{5D10AEBA-176B-47C8-9331-57EA9748279E}.Release|Any CPU.Build.0 = Release|Any CPU
		{A6895508-C4A5-4F98-97EA-7B017E9318CF}.Debug|Any CPU.ActiveCfg = Debug|Any CPU
		{A6895508-C4A5-4F98-97EA-7B017E9318CF}.Debug|Any CPU.Build.0 = Debug|Any CPU
		{A6895508-C4A5-4F98-97EA-7B017E9318CF}.Release|Any CPU.ActiveCfg = Release|Any CPU
		{A6895508-C4A5-4F98-97EA-7B017E9318CF}.Release|Any CPU.Build.0 = Release|Any CPU
		{6FDD511A-1207-4C5A-9562-858E0B9B8E77}.Debug|Any CPU.ActiveCfg = Debug|Any CPU
		{6FDD511A-1207-4C5A-9562-858E0B9B8E77}.Debug|Any CPU.Build.0 = Debug|Any CPU
		{6FDD511A-1207-4C5A-9562-858E0B9B8E77}.Release|Any CPU.ActiveCfg = Release|Any CPU
		{6FDD511A-1207-4C5A-9562-858E0B9B8E77}.Release|Any CPU.Build.0 = Release|Any CPU
		{75560639-9A40-4BCA-923B-6D63BAB6CA8E}.Debug|Any CPU.ActiveCfg = Debug|Any CPU
		{75560639-9A40-4BCA-923B-6D63BAB6CA8E}.Debug|Any CPU.Build.0 = Debug|Any CPU
		{75560639-9A40-4BCA-923B-6D63BAB6CA8E}.Release|Any CPU.ActiveCfg = Release|Any CPU
		{75560639-9A40-4BCA-923B-6D63BAB6CA8E}.Release|Any CPU.Build.0 = Release|Any CPU
	EndGlobalSection
	GlobalSection(SolutionProperties) = preSolution
		HideSolutionNode = FALSE
	EndGlobalSection
	GlobalSection(NestedProjects) = preSolution
		{5D10AEBA-176B-47C8-9331-57EA9748279E} = {08A50ED3-756E-4D9F-8A0C-63036E9A2E12}
		{A6895508-C4A5-4F98-97EA-7B017E9318CF} = {19F7C9AF-E880-42EF-9353-98BF3A945D2F}
		{6FDD511A-1207-4C5A-9562-858E0B9B8E77} = {8B4DFD85-52D7-4767-99F0-A59D6392BC53}
		{75560639-9A40-4BCA-923B-6D63BAB6CA8E} = {8B4DFD85-52D7-4767-99F0-A59D6392BC53}
	EndGlobalSection
	GlobalSection(ExtensibilityGlobals) = postSolution
		SolutionGuid = {96FBA86E-2009-4B31-BFBD-202C9CA8516B}
	EndGlobalSection
EndGlobal
